
Microsoft Visual Studio Solution File, Format Version 12.00
# Visual Studio Version 16
VisualStudioVersion = 16.0.30320.27
MinimumVisualStudioVersion = 10.0.40219.1
Project("{9A19103F-16F7-4668-BE54-9A1E7A4F7556}") = "AutoWorkshop.Common", "AutoWorkshop.Common\AutoWorkshop.Common.csproj", "{67668245-3CC1-4DE2-B47F-303F3498B466}"
EndProject
Project("{FAE04EC0-301F-11D3-BF4B-00C04F79EFBC}") = "AutoWorkshop.Web", "AutoWorkshop.Web\AutoWorkshop.Web.csproj", "{886F6922-27D5-440F-BE8F-BFEDDE7370D2}"
EndProject
Global
	GlobalSection(SolutionConfigurationPlatforms) = preSolution
		Debug|Any CPU = Debug|Any CPU
		Release|Any CPU = Release|Any CPU
	EndGlobalSection
	GlobalSection(ProjectConfigurationPlatforms) = postSolution
		{67668245-3CC1-4DE2-B47F-303F3498B466}.Debug|Any CPU.ActiveCfg = Debug|Any CPU
		{67668245-3CC1-4DE2-B47F-303F3498B466}.Debug|Any CPU.Build.0 = Debug|Any CPU
		{67668245-3CC1-4DE2-B47F-303F3498B466}.Release|Any CPU.ActiveCfg = Release|Any CPU
		{67668245-3CC1-4DE2-B47F-303F3498B466}.Release|Any CPU.Build.0 = Release|Any CPU
		{886F6922-27D5-440F-BE8F-BFEDDE7370D2}.Debug|Any CPU.ActiveCfg = Debug|Any CPU
		{886F6922-27D5-440F-BE8F-BFEDDE7370D2}.Debug|Any CPU.Build.0 = Debug|Any CPU
		{886F6922-27D5-440F-BE8F-BFEDDE7370D2}.Release|Any CPU.ActiveCfg = Release|Any CPU
		{886F6922-27D5-440F-BE8F-BFEDDE7370D2}.Release|Any CPU.Build.0 = Release|Any CPU
	EndGlobalSection
	GlobalSection(SolutionProperties) = preSolution
		HideSolutionNode = FALSE
	EndGlobalSection
	GlobalSection(ExtensibilityGlobals) = postSolution
		SolutionGuid = {1BA8447E-1099-4F27-9D20-2569398B62CD}
	EndGlobalSection
EndGlobal
